{
  "originHash" : "92046cd5b2f2281033576764770b7a11ca088b9ebaf1f5b30fe730e9dc26f50e",
  "pins" : [
    {
      "identity" : "purchases-ios",
      "kind" : "remoteSourceControl",
      "location" : "https://github.com/RevenueCat/purchases-ios.git",
      "state" : {
        "revision" : "8f62ef8f5be8450d1cd7d38d36afb045f3483852",
        "version" : "5.14.5"
      }
    }
  ],
  "version" : 3
}
